
Microsoft Visual Studio Solution File, Format Version 12.00
# Visual Studio Version 17
VisualStudioVersion = 17.0.32112.339
MinimumVisualStudioVersion = 10.0.40219.1
Project("{9A19103F-16F7-4668-BE54-9A1E7A4F7556}") = "WPFClient", "WPFClient\WPFClient.csproj", "{48C3463E-B818-4789-A278-7F0CC2C39AA6}"
EndProject
Project("{2150E333-8FDC-42A3-9474-1A3956D46DE8}") = "Solution Items", "Solution Items", "{1835547B-B0D3-4C9D-82D2-65C4CB976F8B}"
	ProjectSection(SolutionItems) = preProject
		.editorconfig = .editorconfig
	EndProjectSection
EndProject
Project("{9A19103F-16F7-4668-BE54-9A1E7A4F7556}") = "DB", "DB\DB.csproj", "{841BE168-B2C2-42F8-8914-D047EF0AE0DA}"
EndProject
Project("{9A19103F-16F7-4668-BE54-9A1E7A4F7556}") = "GrpcService", "GrpcService\GrpcService.csproj", "{26AAA580-4714-4669-A0A2-715EAA8C1C98}"
EndProject
Project("{9A19103F-16F7-4668-BE54-9A1E7A4F7556}") = "GrpcServiceConnector", "GrpcServiceConnector\GrpcServiceConnector.csproj", "{0A014083-8C32-468A-992C-B9CB1FA0CD23}"
EndProject
Project("{9A19103F-16F7-4668-BE54-9A1E7A4F7556}") = "Common", "Common\Common.csproj", "{9CFEEA8A-34D5-490F-BC07-3C42B6B5C7B0}"
EndProject
Project("{FAE04EC0-301F-11D3-BF4B-00C04F79EFBC}") = "WebApi", "WebApi\WebApi.csproj", "{AC675E08-6D0E-4D09-8C4D-15CE8040E8FE}"
EndProject
Project("{54A90642-561A-4BB1-A94E-469ADEE60C69}") = "ReactClient", "ReactClient\ReactClient.esproj", "{A0A8BB34-5627-4A0F-A3D7-DD1D2B0D6320}"
EndProject
Global
	GlobalSection(SolutionConfigurationPlatforms) = preSolution
		Debug|Any CPU = Debug|Any CPU
		Release|Any CPU = Release|Any CPU
	EndGlobalSection
	GlobalSection(ProjectConfigurationPlatforms) = postSolution
		{48C3463E-B818-4789-A278-7F0CC2C39AA6}.Debug|Any CPU.ActiveCfg = Debug|Any CPU
		{48C3463E-B818-4789-A278-7F0CC2C39AA6}.Debug|Any CPU.Build.0 = Debug|Any CPU
		{48C3463E-B818-4789-A278-7F0CC2C39AA6}.Release|Any CPU.ActiveCfg = Release|Any CPU
		{48C3463E-B818-4789-A278-7F0CC2C39AA6}.Release|Any CPU.Build.0 = Release|Any CPU
		{841BE168-B2C2-42F8-8914-D047EF0AE0DA}.Debug|Any CPU.ActiveCfg = Debug|Any CPU
		{841BE168-B2C2-42F8-8914-D047EF0AE0DA}.Debug|Any CPU.Build.0 = Debug|Any CPU
		{841BE168-B2C2-42F8-8914-D047EF0AE0DA}.Release|Any CPU.ActiveCfg = Release|Any CPU
		{841BE168-B2C2-42F8-8914-D047EF0AE0DA}.Release|Any CPU.Build.0 = Release|Any CPU
		{26AAA580-4714-4669-A0A2-715EAA8C1C98}.Debug|Any CPU.ActiveCfg = Debug|Any CPU
		{26AAA580-4714-4669-A0A2-715EAA8C1C98}.Debug|Any CPU.Build.0 = Debug|Any CPU
		{26AAA580-4714-4669-A0A2-715EAA8C1C98}.Release|Any CPU.ActiveCfg = Release|Any CPU
		{26AAA580-4714-4669-A0A2-715EAA8C1C98}.Release|Any CPU.Build.0 = Release|Any CPU
		{0A014083-8C32-468A-992C-B9CB1FA0CD23}.Debug|Any CPU.ActiveCfg = Debug|Any CPU
		{0A014083-8C32-468A-992C-B9CB1FA0CD23}.Debug|Any CPU.Build.0 = Debug|Any CPU
		{0A014083-8C32-468A-992C-B9CB1FA0CD23}.Release|Any CPU.ActiveCfg = Release|Any CPU
		{0A014083-8C32-468A-992C-B9CB1FA0CD23}.Release|Any CPU.Build.0 = Release|Any CPU
		{9CFEEA8A-34D5-490F-BC07-3C42B6B5C7B0}.Debug|Any CPU.ActiveCfg = Debug|Any CPU
		{9CFEEA8A-34D5-490F-BC07-3C42B6B5C7B0}.Debug|Any CPU.Build.0 = Debug|Any CPU
		{9CFEEA8A-34D5-490F-BC07-3C42B6B5C7B0}.Release|Any CPU.ActiveCfg = Release|Any CPU
		{9CFEEA8A-34D5-490F-BC07-3C42B6B5C7B0}.Release|Any CPU.Build.0 = Release|Any CPU
		{AC675E08-6D0E-4D09-8C4D-15CE8040E8FE}.Debug|Any CPU.ActiveCfg = Debug|Any CPU
		{AC675E08-6D0E-4D09-8C4D-15CE8040E8FE}.Debug|Any CPU.Build.0 = Debug|Any CPU
		{AC675E08-6D0E-4D09-8C4D-15CE8040E8FE}.Release|Any CPU.ActiveCfg = Release|Any CPU
		{AC675E08-6D0E-4D09-8C4D-15CE8040E8FE}.Release|Any CPU.Build.0 = Release|Any CPU
		{A0A8BB34-5627-4A0F-A3D7-DD1D2B0D6320}.Debug|Any CPU.ActiveCfg = Debug|Any CPU
		{A0A8BB34-5627-4A0F-A3D7-DD1D2B0D6320}.Debug|Any CPU.Build.0 = Debug|Any CPU
		{A0A8BB34-5627-4A0F-A3D7-DD1D2B0D6320}.Debug|Any CPU.Deploy.0 = Debug|Any CPU
		{A0A8BB34-5627-4A0F-A3D7-DD1D2B0D6320}.Release|Any CPU.ActiveCfg = Release|Any CPU
		{A0A8BB34-5627-4A0F-A3D7-DD1D2B0D6320}.Release|Any CPU.Build.0 = Release|Any CPU
		{A0A8BB34-5627-4A0F-A3D7-DD1D2B0D6320}.Release|Any CPU.Deploy.0 = Release|Any CPU
	EndGlobalSection
	GlobalSection(SolutionProperties) = preSolution
		HideSolutionNode = FALSE
	EndGlobalSection
	GlobalSection(ExtensibilityGlobals) = postSolution
		SolutionGuid = {99141812-8EB6-4F2E-AB9F-58CB7D8031B4}
	EndGlobalSection
EndGlobal
